
Microsoft Visual Studio Solution File, Format Version 12.00
# Visual Studio Version 17
VisualStudioVersion = 17.13.35931.197 d17.13
MinimumVisualStudioVersion = 10.0.40219.1
Project("{FAE04EC0-301F-11D3-BF4B-00C04F79EFBC}") = "20250916_MyFirstProjectOnGitHub", "20250916_MyFirstProjectOnGitHub.csproj", "{511AEBB4-219A-493C-ABA8-F93C3D4C9DF5}"
EndProject
Global
	GlobalSection(SolutionConfigurationPlatforms) = preSolution
		Debug|Any CPU = Debug|Any CPU
		Release|Any CPU = Release|Any CPU
	EndGlobalSection
	GlobalSection(ProjectConfigurationPlatforms) = postSolution
		{511AEBB4-219A-493C-ABA8-F93C3D4C9DF5}.Debug|Any CPU.ActiveCfg = Debug|Any CPU
		{511AEBB4-219A-493C-ABA8-F93C3D4C9DF5}.Debug|Any CPU.Build.0 = Debug|Any CPU
		{511AEBB4-219A-493C-ABA8-F93C3D4C9DF5}.Release|Any CPU.ActiveCfg = Release|Any CPU
		{511AEBB4-219A-493C-ABA8-F93C3D4C9DF5}.Release|Any CPU.Build.0 = Release|Any CPU
	EndGlobalSection
	GlobalSection(SolutionProperties) = preSolution
		HideSolutionNode = FALSE
	EndGlobalSection
	GlobalSection(ExtensibilityGlobals) = postSolution
		SolutionGuid = {41CF2B79-EA54-4C9D-A019-D8C1AFBE3C5B}
	EndGlobalSection
EndGlobal
